// !$*UTF8*$!
{
	archiveVersion = 1;
	classes = {
	};
	objectVersion = 50;
	objects = {

/* Begin PBXBuildFile section */
		1EE162282564927600E4F0E2 /* AnimeSearchApp.swift in Sources */ = {isa = PBXBuildFile; fileRef = 1EE162272564927600E4F0E2 /* AnimeSearchApp.swift */; };
		1EE1622A2564927600E4F0E2 /* ContentView.swift in Sources */ = {isa = PBXBuildFile; fileRef = 1EE162292564927600E4F0E2 /* ContentView.swift */; };
		1EE1622C2564927B00E4F0E2 /* Assets.xcassets in Resources */ = {isa = PBXBuildFile; fileRef = 1EE1622B2564927B00E4F0E2 /* Assets.xcassets */; };
		1EE1622F2564927B00E4F0E2 /* Preview Assets.xcassets in Resources */ = {isa = PBXBuildFile; fileRef = 1EE1622E2564927B00E4F0E2 /* Preview Assets.xcassets */; };
		1EE1623A2564927B00E4F0E2 /* AnimeSearchTests.swift in Sources */ = {isa = PBXBuildFile; fileRef = 1EE162392564927B00E4F0E2 /* AnimeSearchTests.swift */; };
		1EE162452564927C00E4F0E2 /* AnimeSearchUITests.swift in Sources */ = {isa = PBXBuildFile; fileRef = 1EE162442564927C00E4F0E2 /* AnimeSearchUITests.swift */; };
		1EE162562564940400E4F0E2 /* Networking.swift in Sources */ = {isa = PBXBuildFile; fileRef = 1EE162552564940400E4F0E2 /* Networking.swift */; };
		1EE1625B2564944C00E4F0E2 /* Model.swift in Sources */ = {isa = PBXBuildFile; fileRef = 1EE1625A2564944C00E4F0E2 /* Model.swift */; };
		1EE1626025649CF100E4F0E2 /* AnimeRow.swift in Sources */ = {isa = PBXBuildFile; fileRef = 1EE1625F25649CF100E4F0E2 /* AnimeRow.swift */; };
		1EE16265256584D200E4F0E2 /* ImageLoader.swift in Sources */ = {isa = PBXBuildFile; fileRef = 1EE16264256584D200E4F0E2 /* ImageLoader.swift */; };
		1EE1626A25658BF400E4F0E2 /* NarutoView.swift in Sources */ = {isa = PBXBuildFile; fileRef = 1EE1626925658BF400E4F0E2 /* NarutoView.swift */; };
		1EE1626F2565924100E4F0E2 /* CharacterSearchView.swift in Sources */ = {isa = PBXBuildFile; fileRef = 1EE1626E2565924100E4F0E2 /* CharacterSearchView.swift */; };
		1EE162742565B06A00E4F0E2 /* CharacterRow.swift in Sources */ = {isa = PBXBuildFile; fileRef = 1EE162732565B06A00E4F0E2 /* CharacterRow.swift */; };
/* End PBXBuildFile section */

/* Begin PBXContainerItemProxy section */
		1EE162362564927B00E4F0E2 /* PBXContainerItemProxy */ = {
			isa = PBXContainerItemProxy;
			containerPortal = 1EE1621C2564927600E4F0E2 /* Project object */;
			proxyType = 1;
			remoteGlobalIDString = 1EE162232564927600E4F0E2;
			remoteInfo = AnimeSearch;
		};
		1EE162412564927C00E4F0E2 /* PBXContainerItemProxy */ = {
			isa = PBXContainerItemProxy;
			containerPortal = 1EE1621C2564927600E4F0E2 /* Project object */;
			proxyType = 1;
			remoteGlobalIDString = 1EE162232564927600E4F0E2;
			remoteInfo = AnimeSearch;
		};
/* End PBXContainerItemProxy section */

/* Begin PBXFileReference section */
		1EE162242564927600E4F0E2 /* AnimeSearch.app */ = {isa = PBXFileReference; explicitFileType = wrapper.application; includeInIndex = 0; path = AnimeSearch.app; sourceTree = BUILT_PRODUCTS_DIR; };
		1EE162272564927600E4F0E2 /* AnimeSearchApp.swift */ = {isa = PBXFileReference; lastKnownFileType = sourcecode.swift; path = AnimeSearchApp.swift; sourceTree = "<group>"; };
		1EE162292564927600E4F0E2 /* ContentView.swift */ = {isa = PBXFileReference; lastKnownFileType = sourcecode.swift; path = ContentView.swift; sourceTree = "<group>"; };
		1EE1622B2564927B00E4F0E2 /* Assets.xcassets */ = {isa = PBXFileReference; lastKnownFileType = folder.assetcatalog; path = Assets.xcassets; sourceTree = "<group>"; };
		1EE1622E2564927B00E4F0E2 /* Preview Assets.xcassets */ = {isa = PBXFileReference; lastKnownFileType = folder.assetcatalog; path = "Preview Assets.xcassets"; sourceTree = "<group>"; };
		1EE162302564927B00E4F0E2 /* Info.plist */ = {isa = PBXFileReference; lastKnownFileType = text.plist.xml; path = Info.plist; sourceTree = "<group>"; };
		1EE162352564927B00E4F0E2 /* AnimeSearchTests.xctest */ = {isa = PBXFileReference; explicitFileType = wrapper.cfbundle; includeInIndex = 0; path = AnimeSearchTests.xctest; sourceTree = BUILT_PRODUCTS_DIR; };
		1EE162392564927B00E4F0E2 /* AnimeSearchTests.swift */ = {isa = PBXFileReference; lastKnownFileType = sourcecode.swift; path = AnimeSearchTests.swift; sourceTree = "<group>"; };
		1EE1623B2564927B00E4F0E2 /* Info.plist */ = {isa = PBXFileReference; lastKnownFileType = text.plist.xml; path = Info.plist; sourceTree = "<group>"; };
		1EE162402564927C00E4F0E2 /* AnimeSearchUITests.xctest */ = {isa = PBXFileReference; explicitFileType = wrapper.cfbundle; includeInIndex = 0; path = AnimeSearchUITests.xctest; sourceTree = BUILT_PRODUCTS_DIR; };
		1EE162442564927C00E4F0E2 /* AnimeSearchUITests.swift */ = {isa = PBXFileReference; lastKnownFileType = sourcecode.swift; path = AnimeSearchUITests.swift; sourceTree = "<group>"; };
		1EE162462564927C00E4F0E2 /* Info.plist */ = {isa = PBXFileReference; lastKnownFileType = text.plist.xml; path = Info.plist; sourceTree = "<group>"; };
		1EE162552564940400E4F0E2 /* Networking.swift */ = {isa = PBXFileReference; lastKnownFileType = sourcecode.swift; path = Networking.swift; sourceTree = "<group>"; };
		1EE1625A2564944C00E4F0E2 /* Model.swift */ = {isa = PBXFileReference; lastKnownFileType = sourcecode.swift; path = Model.swift; sourceTree = "<group>"; };
		1EE1625F25649CF100E4F0E2 /* AnimeRow.swift */ = {isa = PBXFileReference; lastKnownFileType = sourcecode.swift; path = AnimeRow.swift; sourceTree = "<group>"; };
		1EE16264256584D200E4F0E2 /* ImageLoader.swift */ = {isa = PBXFileReference; lastKnownFileType = sourcecode.swift; path = ImageLoader.swift; sourceTree = "<group>"; };
		1EE1626925658BF400E4F0E2 /* NarutoView.swift */ = {isa = PBXFileReference; lastKnownFileType = sourcecode.swift; path = NarutoView.swift; sourceTree = "<group>"; };
		1EE1626E2565924100E4F0E2 /* CharacterSearchView.swift */ = {isa = PBXFileReference; lastKnownFileType = sourcecode.swift; path = CharacterSearchView.swift; sourceTree = "<group>"; };
		1EE162732565B06A00E4F0E2 /* CharacterRow.swift */ = {isa = PBXFileReference; lastKnownFileType = sourcecode.swift; path = CharacterRow.swift; sourceTree = "<group>"; };
/* End PBXFileReference section */

/* Begin PBXFrameworksBuildPhase section */
		1EE162212564927600E4F0E2 /* Frameworks */ = {
			isa = PBXFrameworksBuildPhase;
			buildActionMask = 2147483647;
			files = (
			);
			runOnlyForDeploymentPostprocessing = 0;
		};
		1EE162322564927B00E4F0E2 /* Frameworks */ = {
			isa = PBXFrameworksBuildPhase;
			buildActionMask = 2147483647;
			files = (
			);
			runOnlyForDeploymentPostprocessing = 0;
		};
		1EE1623D2564927C00E4F0E2 /* Frameworks */ = {
			isa = PBXFrameworksBuildPhase;
			buildActionMask = 2147483647;
			files = (
			);
			runOnlyForDeploymentPostprocessing = 0;
		};
/* End PBXFrameworksBuildPhase section */

/* Begin PBXGroup section */
		1EE1621B2564927600E4F0E2 = {
			isa = PBXGroup;
			children = (
				1EE162262564927600E4F0E2 /* AnimeSearch */,
				1EE162382564927B00E4F0E2 /* AnimeSearchTests */,
				1EE162432564927C00E4F0E2 /* AnimeSearchUITests */,
				1EE162252564927600E4F0E2 /* Products */,
			);
			sourceTree = "<group>";
		};
		1EE162252564927600E4F0E2 /* Products */ = {
			isa = PBXGroup;
			children = (
				1EE162242564927600E4F0E2 /* AnimeSearch.app */,
				1EE162352564927B00E4F0E2 /* AnimeSearchTests.xctest */,
				1EE162402564927C00E4F0E2 /* AnimeSearchUITests.xctest */,
			);
			name = Products;
			sourceTree = "<group>";
		};
		1EE162262564927600E4F0E2 /* AnimeSearch */ = {
			isa = PBXGroup;
			children = (
				1EE162272564927600E4F0E2 /* AnimeSearchApp.swift */,
				1EE162292564927600E4F0E2 /* ContentView.swift */,
				1EE1626925658BF400E4F0E2 /* NarutoView.swift */,
				1EE1626E2565924100E4F0E2 /* CharacterSearchView.swift */,
				1EE16264256584D200E4F0E2 /* ImageLoader.swift */,
				1EE1625F25649CF100E4F0E2 /* AnimeRow.swift */,
				1EE162732565B06A00E4F0E2 /* CharacterRow.swift */,
				1EE1625A2564944C00E4F0E2 /* Model.swift */,
				1EE162552564940400E4F0E2 /* Networking.swift */,
				1EE1622B2564927B00E4F0E2 /* Assets.xcassets */,
				1EE162302564927B00E4F0E2 /* Info.plist */,
				1EE1622D2564927B00E4F0E2 /* Preview Content */,
			);
			path = AnimeSearch;
			sourceTree = "<group>";
		};
		1EE1622D2564927B00E4F0E2 /* Preview Content */ = {
			isa = PBXGroup;
			children = (
				1EE1622E2564927B00E4F0E2 /* Preview Assets.xcassets */,
			);
			path = "Preview Content";
			sourceTree = "<group>";
		};
		1EE162382564927B00E4F0E2 /* AnimeSearchTests */ = {
			isa = PBXGroup;
			children = (
				1EE162392564927B00E4F0E2 /* AnimeSearchTests.swift */,
				1EE1623B2564927B00E4F0E2 /* Info.plist */,
			);
			path = AnimeSearchTests;
			sourceTree = "<group>";
		};
		1EE162432564927C00E4F0E2 /* AnimeSearchUITests */ = {
			isa = PBXGroup;
			children = (
				1EE162442564927C00E4F0E2 /* AnimeSearchUITests.swift */,
				1EE162462564927C00E4F0E2 /* Info.plist */,
			);
			path = AnimeSearchUITests;
			sourceTree = "<group>";
		};
/* End PBXGroup section */

/* Begin PBXNativeTarget section */
		1EE162232564927600E4F0E2 /* AnimeSearch */ = {
			isa = PBXNativeTarget;
			buildConfigurationList = 1EE162492564927C00E4F0E2 /* Build configuration list for PBXNativeTarget "AnimeSearch" */;
			buildPhases = (
				1EE162202564927600E4F0E2 /* Sources */,
				1EE162212564927600E4F0E2 /* Frameworks */,
				1EE162222564927600E4F0E2 /* Resources */,
			);
			buildRules = (
			);
			dependencies = (
			);
			name = AnimeSearch;
			productName = AnimeSearch;
			productReference = 1EE162242564927600E4F0E2 /* AnimeSearch.app */;
			productType = "com.apple.product-type.application";
		};
		1EE162342564927B00E4F0E2 /* AnimeSearchTests */ = {
			isa = PBXNativeTarget;
			buildConfigurationList = 1EE1624C2564927C00E4F0E2 /* Build configuration list for PBXNativeTarget "AnimeSearchTests" */;
			buildPhases = (
				1EE162312564927B00E4F0E2 /* Sources */,
				1EE162322564927B00E4F0E2 /* Frameworks */,
				1EE162332564927B00E4F0E2 /* Resources */,
			);
			buildRules = (
			);
			dependencies = (
				1EE162372564927B00E4F0E2 /* PBXTargetDependency */,
			);
			name = AnimeSearchTests;
			productName = AnimeSearchTests;
			productReference = 1EE162352564927B00E4F0E2 /* AnimeSearchTests.xctest */;
			productType = "com.apple.product-type.bundle.unit-test";
		};
		1EE1623F2564927C00E4F0E2 /* AnimeSearchUITests */ = {
			isa = PBXNativeTarget;
			buildConfigurationList = 1EE1624F2564927C00E4F0E2 /* Build configuration list for PBXNativeTarget "AnimeSearchUITests" */;
			buildPhases = (
				1EE1623C2564927C00E4F0E2 /* Sources */,
				1EE1623D2564927C00E4F0E2 /* Frameworks */,
				1EE1623E2564927C00E4F0E2 /* Resources */,
			);
			buildRules = (
			);
			dependencies = (
				1EE162422564927C00E4F0E2 /* PBXTargetDependency */,
			);
			name = AnimeSearchUITests;
			productName = AnimeSearchUITests;
			productReference = 1EE162402564927C00E4F0E2 /* AnimeSearchUITests.xctest */;
			productType = "com.apple.product-type.bundle.ui-testing";
		};
/* End PBXNativeTarget section */

/* Begin PBXProject section */
		1EE1621C2564927600E4F0E2 /* Project object */ = {
			isa = PBXProject;
			attributes = {
				LastSwiftUpdateCheck = 1220;
				LastUpgradeCheck = 1220;
				TargetAttributes = {
					1EE162232564927600E4F0E2 = {
						CreatedOnToolsVersion = 12.2;
					};
					1EE162342564927B00E4F0E2 = {
						CreatedOnToolsVersion = 12.2;
						TestTargetID = 1EE162232564927600E4F0E2;
					};
					1EE1623F2564927C00E4F0E2 = {
						CreatedOnToolsVersion = 12.2;
						TestTargetID = 1EE162232564927600E4F0E2;
					};
				};
			};
			buildConfigurationList = 1EE1621F2564927600E4F0E2 /* Build configuration list for PBXProject "AnimeSearch" */;
			compatibilityVersion = "Xcode 9.3";
			developmentRegion = en;
			hasScannedForEncodings = 0;
			knownRegions = (
				en,
				Base,
			);
			mainGroup = 1EE1621B2564927600E4F0E2;
			productRefGroup = 1EE162252564927600E4F0E2 /* Products */;
			projectDirPath = "";
			projectRoot = "";
			targets = (
				1EE162232564927600E4F0E2 /* AnimeSearch */,
				1EE162342564927B00E4F0E2 /* AnimeSearchTests */,
				1EE1623F2564927C00E4F0E2 /* AnimeSearchUITests */,
			);
		};
/* End PBXProject section */

/* Begin PBXResourcesBuildPhase section */
		1EE162222564927600E4F0E2 /* Resources */ = {
			isa = PBXResourcesBuildPhase;
			buildActionMask = 2147483647;
			files = (
				1EE1622F2564927B00E4F0E2 /* Preview Assets.xcassets in Resources */,
				1EE1622C2564927B00E4F0E2 /* Assets.xcassets in Resources */,
			);
			runOnlyForDeploymentPostprocessing = 0;
		};
		1EE162332564927B00E4F0E2 /* Resources */ = {
			isa = PBXResourcesBuildPhase;
			buildActionMask = 2147483647;
			files = (
			);
			runOnlyForDeploymentPostprocessing = 0;
		};
		1EE1623E2564927C00E4F0E2 /* Resources */ = {
			isa = PBXResourcesBuildPhase;
			buildActionMask = 2147483647;
			files = (
			);
			runOnlyForDeploymentPostprocessing = 0;
		};
/* End PBXResourcesBuildPhase section */

/* Begin PBXSourcesBuildPhase section */
		1EE162202564927600E4F0E2 /* Sources */ = {
			isa = PBXSourcesBuildPhase;
			buildActionMask = 2147483647;
			files = (
				1EE162562564940400E4F0E2 /* Networking.swift in Sources */,
				1EE162742565B06A00E4F0E2 /* CharacterRow.swift in Sources */,
				1EE1622A2564927600E4F0E2 /* ContentView.swift in Sources */,
				1EE1626F2565924100E4F0E2 /* CharacterSearchView.swift in Sources */,
				1EE16265256584D200E4F0E2 /* ImageLoader.swift in Sources */,
				1EE1626025649CF100E4F0E2 /* AnimeRow.swift in Sources */,
				1EE1626A25658BF400E4F0E2 /* NarutoView.swift in Sources */,
				1EE162282564927600E4F0E2 /* AnimeSearchApp.swift in Sources */,
				1EE1625B2564944C00E4F0E2 /* Model.swift in Sources */,
			);
			runOnlyForDeploymentPostprocessing = 0;
		};
		1EE162312564927B00E4F0E2 /* Sources */ = {
			isa = PBXSourcesBuildPhase;
			buildActionMask = 2147483647;
			files = (
				1EE1623A2564927B00E4F0E2 /* AnimeSearchTests.swift in Sources */,
			);
			runOnlyForDeploymentPostprocessing = 0;
		};
		1EE1623C2564927C00E4F0E2 /* Sources */ = {
			isa = PBXSourcesBuildPhase;
			buildActionMask = 2147483647;
			files = (
				1EE162452564927C00E4F0E2 /* AnimeSearchUITests.swift in Sources */,
			);
			runOnlyForDeploymentPostprocessing = 0;
		};
/* End PBXSourcesBuildPhase section */

/* Begin PBXTargetDependency section */
		1EE162372564927B00E4F0E2 /* PBXTargetDependency */ = {
			isa = PBXTargetDependency;
			target = 1EE162232564927600E4F0E2 /* AnimeSearch */;
			targetProxy = 1EE162362564927B00E4F0E2 /* PBXContainerItemProxy */;
		};
		1EE162422564927C00E4F0E2 /* PBXTargetDependency */ = {
			isa = PBXTargetDependency;
			target = 1EE162232564927600E4F0E2 /* AnimeSearch */;
			targetProxy = 1EE162412564927C00E4F0E2 /* PBXContainerItemProxy */;
		};
/* End PBXTargetDependency section */

/* Begin XCBuildConfiguration section */
		1EE162472564927C00E4F0E2 /* Debug */ = {
			isa = XCBuildConfiguration;
			buildSettings = {
				ALWAYS_SEARCH_USER_PATHS = NO;
				CLANG_ANALYZER_NONNULL = YES;
				CLANG_ANALYZER_NUMBER_OBJECT_CONVERSION = YES_AGGRESSIVE;
				CLANG_CXX_LANGUAGE_STANDARD = "gnu++14";
				CLANG_CXX_LIBRARY = "libc++";
				CLANG_ENABLE_MODULES = YES;
				CLANG_ENABLE_OBJC_ARC = YES;
				CLANG_ENABLE_OBJC_WEAK = YES;
				CLANG_WARN_BLOCK_CAPTURE_AUTORELEASING = YES;
				CLANG_WARN_BOOL_CONVERSION = YES;
				CLANG_WARN_COMMA = YES;
				CLANG_WARN_CONSTANT_CONVERSION = YES;
				CLANG_WARN_DEPRECATED_OBJC_IMPLEMENTATIONS = YES;
				CLANG_WARN_DIRECT_OBJC_ISA_USAGE = YES_ERROR;
				CLANG_WARN_DOCUMENTATION_COMMENTS = YES;
				CLANG_WARN_EMPTY_BODY = YES;
				CLANG_WARN_ENUM_CONVERSION = YES;
				CLANG_WARN_INFINITE_RECURSION = YES;
				CLANG_WARN_INT_CONVERSION = YES;
				CLANG_WARN_NON_LITERAL_NULL_CONVERSION = YES;
				CLANG_WARN_OBJC_IMPLICIT_RETAIN_SELF = YES;
				CLANG_WARN_OBJC_LITERAL_CONVERSION = YES;
				CLANG_WARN_OBJC_ROOT_CLASS = YES_ERROR;
				CLANG_WARN_QUOTED_INCLUDE_IN_FRAMEWORK_HEADER = YES;
				CLANG_WARN_RANGE_LOOP_ANALYSIS = YES;
				CLANG_WARN_STRICT_PROTOTYPES = YES;
				CLANG_WARN_SUSPICIOUS_MOVE = YES;
				CLANG_WARN_UNGUARDED_AVAILABILITY = YES_AGGRESSIVE;
				CLANG_WARN_UNREACHABLE_CODE = YES;
				CLANG_WARN__DUPLICATE_METHOD_MATCH = YES;
				COPY_PHASE_STRIP = NO;
				DEBUG_INFORMATION_FORMAT = dwarf;
				ENABLE_STRICT_OBJC_MSGSEND = YES;
				ENABLE_TESTABILITY = YES;
				GCC_C_LANGUAGE_STANDARD = gnu11;
				GCC_DYNAMIC_NO_PIC = NO;
				GCC_NO_COMMON_BLOCKS = YES;
				GCC_OPTIMIZATION_LEVEL = 0;
				GCC_PREPROCESSOR_DEFINITIONS = (
					"DEBUG=1",
					"$(inherited)",
				);
				GCC_WARN_64_TO_32_BIT_CONVERSION = YES;
				GCC_WARN_ABOUT_RETURN_TYPE = YES_ERROR;
				GCC_WARN_UNDECLARED_SELECTOR = YES;
				GCC_WARN_UNINITIALIZED_AUTOS = YES_AGGRESSIVE;
				GCC_WARN_UNUSED_FUNCTION = YES;
				GCC_WARN_UNUSED_VARIABLE = YES;
				IPHONEOS_DEPLOYMENT_TARGET = 14.2;
				MTL_ENABLE_DEBUG_INFO = INCLUDE_SOURCE;
				MTL_FAST_MATH = YES;
				ONLY_ACTIVE_ARCH = YES;
				SDKROOT = iphoneos;
				SWIFT_ACTIVE_COMPILATION_CONDITIONS = DEBUG;
				SWIFT_OPTIMIZATION_LEVEL = "-Onone";
			};
			name = Debug;
		};
		1EE162482564927C00E4F0E2 /* Release */ = {
			isa = XCBuildConfiguration;
			buildSettings = {
				ALWAYS_SEARCH_USER_PATHS = NO;
				CLANG_ANALYZER_NONNULL = YES;
				CLANG_ANALYZER_NUMBER_OBJECT_CONVERSION = YES_AGGRESSIVE;
				CLANG_CXX_LANGUAGE_STANDARD = "gnu++14";
				CLANG_CXX_LIBRARY = "libc++";
				CLANG_ENABLE_MODULES = YES;
				CLANG_ENABLE_OBJC_ARC = YES;
				CLANG_ENABLE_OBJC_WEAK = YES;
				CLANG_WARN_BLOCK_CAPTURE_AUTORELEASING = YES;
				CLANG_WARN_BOOL_CONVERSION = YES;
				CLANG_WARN_COMMA = YES;
				CLANG_WARN_CONSTANT_CONVERSION = YES;
				CLANG_WARN_DEPRECATED_OBJC_IMPLEMENTATIONS = YES;
				CLANG_WARN_DIRECT_OBJC_ISA_USAGE = YES_ERROR;
				CLANG_WARN_DOCUMENTATION_COMMENTS = YES;
				CLANG_WARN_EMPTY_BODY = YES;
				CLANG_WARN_ENUM_CONVERSION = YES;
				CLANG_WARN_INFINITE_RECURSION = YES;
				CLANG_WARN_INT_CONVERSION = YES;
				CLANG_WARN_NON_LITERAL_NULL_CONVERSION = YES;
				CLANG_WARN_OBJC_IMPLICIT_RETAIN_SELF = YES;
				CLANG_WARN_OBJC_LITERAL_CONVERSION = YES;
				CLANG_WARN_OBJC_ROOT_CLASS = YES_ERROR;
				CLANG_WARN_QUOTED_INCLUDE_IN_FRAMEWORK_HEADER = YES;
				CLANG_WARN_RANGE_LOOP_ANALYSIS = YES;
				CLANG_WARN_STRICT_PROTOTYPES = YES;
				CLANG_WARN_SUSPICIOUS_MOVE = YES;
				CLANG_WARN_UNGUARDED_AVAILABILITY = YES_AGGRESSIVE;
				CLANG_WARN_UNREACHABLE_CODE = YES;
				CLANG_WARN__DUPLICATE_METHOD_MATCH = YES;
				COPY_PHASE_STRIP = NO;
				DEBUG_INFORMATION_FORMAT = "dwarf-with-dsym";
				ENABLE_NS_ASSERTIONS = NO;
				ENABLE_STRICT_OBJC_MSGSEND = YES;
				GCC_C_LANGUAGE_STANDARD = gnu11;
				GCC_NO_COMMON_BLOCKS = YES;
				GCC_WARN_64_TO_32_BIT_CONVERSION = YES;
				GCC_WARN_ABOUT_RETURN_TYPE = YES_ERROR;
				GCC_WARN_UNDECLARED_SELECTOR = YES;
				GCC_WARN_UNINITIALIZED_AUTOS = YES_AGGRESSIVE;
				GCC_WARN_UNUSED_FUNCTION = YES;
				GCC_WARN_UNUSED_VARIABLE = YES;
				IPHONEOS_DEPLOYMENT_TARGET = 14.2;
				MTL_ENABLE_DEBUG_INFO = NO;
				MTL_FAST_MATH = YES;
				SDKROOT = iphoneos;
				SWIFT_COMPILATION_MODE = wholemodule;
				SWIFT_OPTIMIZATION_LEVEL = "-O";
				VALIDATE_PRODUCT = YES;
			};
			name = Release;
		};
		1EE1624A2564927C00E4F0E2 /* Debug */ = {
			isa = XCBuildConfiguration;
			buildSettings = {
				ASSETCATALOG_COMPILER_APPICON_NAME = AppIcon;
				ASSETCATALOG_COMPILER_GLOBAL_ACCENT_COLOR_NAME = AccentColor;
				CODE_SIGN_STYLE = Automatic;
				DEVELOPMENT_ASSET_PATHS = "\"AnimeSearch/Preview Content\"";
				ENABLE_PREVIEWS = YES;
				INFOPLIST_FILE = AnimeSearch/Info.plist;
				IPHONEOS_DEPLOYMENT_TARGET = 14.0;
				LD_RUNPATH_SEARCH_PATHS = (
					"$(inherited)",
					"@executable_path/Frameworks",
				);
				PRODUCT_BUNDLE_IDENTIFIER = Brad.AnimeSearch;
				PRODUCT_NAME = "$(TARGET_NAME)";
				SWIFT_VERSION = 5.0;
				TARGETED_DEVICE_FAMILY = "1,2";
			};
			name = Debug;
		};
		1EE1624B2564927C00E4F0E2 /* Release */ = {
			isa = XCBuildConfiguration;
			buildSettings = {
				ASSETCATALOG_COMPILER_APPICON_NAME = AppIcon;
				ASSETCATALOG_COMPILER_GLOBAL_ACCENT_COLOR_NAME = AccentColor;
				CODE_SIGN_STYLE = Automatic;
				DEVELOPMENT_ASSET_PATHS = "\"AnimeSearch/Preview Content\"";
				ENABLE_PREVIEWS = YES;
				INFOPLIST_FILE = AnimeSearch/Info.plist;
				IPHONEOS_DEPLOYMENT_TARGET = 14.0;
				LD_RUNPATH_SEARCH_PATHS = (
					"$(inherited)",
					"@executable_path/Frameworks",
				);
				PRODUCT_BUNDLE_IDENTIFIER = Brad.AnimeSearch;
				PRODUCT_NAME = "$(TARGET_NAME)";
				SWIFT_VERSION = 5.0;
				TARGETED_DEVICE_FAMILY = "1,2";
			};
			name = Release;
		};
		1EE1624D2564927C00E4F0E2 /* Debug */ = {
			isa = XCBuildConfiguration;
			buildSettings = {
				ALWAYS_EMBED_SWIFT_STANDARD_LIBRARIES = YES;
				BUNDLE_LOADER = "$(TEST_HOST)";
				CODE_SIGN_STYLE = Automatic;
				INFOPLIST_FILE = AnimeSearchTests/Info.plist;
				IPHONEOS_DEPLOYMENT_TARGET = 14.0;
				LD_RUNPATH_SEARCH_PATHS = (
					"$(inherited)",
					"@executable_path/Frameworks",
					"@loader_path/Frameworks",
				);
				PRODUCT_BUNDLE_IDENTIFIER = Brad.AnimeSearchTests;
				PRODUCT_NAME = "$(TARGET_NAME)";
				SWIFT_VERSION = 5.0;
				TARGETED_DEVICE_FAMILY = "1,2";
				TEST_HOST = "$(BUILT_PRODUCTS_DIR)/AnimeSearch.app/AnimeSearch";
			};
			name = Debug;
		};
		1EE1624E2564927C00E4F0E2 /* Release */ = {
			isa = XCBuildConfiguration;
			buildSettings = {
				ALWAYS_EMBED_SWIFT_STANDARD_LIBRARIES = YES;
				BUNDLE_LOADER = "$(TEST_HOST)";
				CODE_SIGN_STYLE = Automatic;
				INFOPLIST_FILE = AnimeSearchTests/Info.plist;
				IPHONEOS_DEPLOYMENT_TARGET = 14.0;
				LD_RUNPATH_SEARCH_PATHS = (
					"$(inherited)",
					"@executable_path/Frameworks",
					"@loader_path/Frameworks",
				);
				PRODUCT_BUNDLE_IDENTIFIER = Brad.AnimeSearchTests;
				PRODUCT_NAME = "$(TARGET_NAME)";
				SWIFT_VERSION = 5.0;
				TARGETED_DEVICE_FAMILY = "1,2";
				TEST_HOST = "$(BUILT_PRODUCTS_DIR)/AnimeSearch.app/AnimeSearch";
			};
			name = Release;
		};
		1EE162502564927C00E4F0E2 /* Debug */ = {
			isa = XCBuildConfiguration;
			buildSettings = {
				ALWAYS_EMBED_SWIFT_STANDARD_LIBRARIES = YES;
				CODE_SIGN_STYLE = Automatic;
				INFOPLIST_FILE = AnimeSearchUITests/Info.plist;
				LD_RUNPATH_SEARCH_PATHS = (
					"$(inherited)",
					"@executable_path/Frameworks",
					"@loader_path/Frameworks",
				);
				PRODUCT_BUNDLE_IDENTIFIER = Brad.AnimeSearchUITests;
				PRODUCT_NAME = "$(TARGET_NAME)";
				SWIFT_VERSION = 5.0;
				TARGETED_DEVICE_FAMILY = "1,2";
				TEST_TARGET_NAME = AnimeSearch;
			};
			name = Debug;
		};
		1EE162512564927C00E4F0E2 /* Release */ = {
			isa = XCBuildConfiguration;
			buildSettings = {
				ALWAYS_EMBED_SWIFT_STANDARD_LIBRARIES = YES;
				CODE_SIGN_STYLE = Automatic;
				INFOPLIST_FILE = AnimeSearchUITests/Info.plist;
				LD_RUNPATH_SEARCH_PATHS = (
					"$(inherited)",
					"@executable_path/Frameworks",
					"@loader_path/Frameworks",
				);
				PRODUCT_BUNDLE_IDENTIFIER = Brad.AnimeSearchUITests;
				PRODUCT_NAME = "$(TARGET_NAME)";
				SWIFT_VERSION = 5.0;
				TARGETED_DEVICE_FAMILY = "1,2";
				TEST_TARGET_NAME = AnimeSearch;
			};
			name = Release;
		};
/* End XCBuildConfiguration section */

/* Begin XCConfigurationList section */
		1EE1621F2564927600E4F0E2 /* Build configuration list for PBXProject "AnimeSearch" */ = {
			isa = XCConfigurationList;
			buildConfigurations = (
				1EE162472564927C00E4F0E2 /* Debug */,
				1EE162482564927C00E4F0E2 /* Release */,
			);
			defaultConfigurationIsVisible = 0;
			defaultConfigurationName = Release;
		};
		1EE162492564927C00E4F0E2 /* Build configuration list for PBXNativeTarget "AnimeSearch" */ = {
			isa = XCConfigurationList;
			buildConfigurations = (
				1EE1624A2564927C00E4F0E2 /* Debug */,
				1EE1624B2564927C00E4F0E2 /* Release */,
			);
			defaultConfigurationIsVisible = 0;
			defaultConfigurationName = Release;
		};
		1EE1624C2564927C00E4F0E2 /* Build configuration list for PBXNativeTarget "AnimeSearchTests" */ = {
			isa = XCConfigurationList;
			buildConfigurations = (
				1EE1624D2564927C00E4F0E2 /* Debug */,
				1EE1624E2564927C00E4F0E2 /* Release */,
			);
			defaultConfigurationIsVisible = 0;
			defaultConfigurationName = Release;
		};
		1EE1624F2564927C00E4F0E2 /* Build configuration list for PBXNativeTarget "AnimeSearchUITests" */ = {
			isa = XCConfigurationList;
			buildConfigurations = (
				1EE162502564927C00E4F0E2 /* Debug */,
				1EE162512564927C00E4F0E2 /* Release */,
			);
			defaultConfigurationIsVisible = 0;
			defaultConfigurationName = Release;
		};
/* End XCConfigurationList section */
	};
	rootObject = 1EE1621C2564927600E4F0E2 /* Project object */;
}
